
Microsoft Visual Studio Solution File, Format Version 12.00
# Visual Studio Version 17
VisualStudioVersion = 17.3.32929.385
MinimumVisualStudioVersion = 10.0.40219.1
Project("{FAE04EC0-301F-11D3-BF4B-00C04F79EFBC}") = "EnrollmentSystem", "EnrollmentSystem\EnrollmentSystem.csproj", "{8AB19B77-A9B5-410E-B81D-2B3ED124FAD6}"
EndProject
Global
	GlobalSection(SolutionConfigurationPlatforms) = preSolution
		Debug|Any CPU = Debug|Any CPU
		Release|Any CPU = Release|Any CPU
	EndGlobalSection
	GlobalSection(ProjectConfigurationPlatforms) = postSolution
		{8AB19B77-A9B5-410E-B81D-2B3ED124FAD6}.Debug|Any CPU.ActiveCfg = Debug|Any CPU
		{8AB19B77-A9B5-410E-B81D-2B3ED124FAD6}.Debug|Any CPU.Build.0 = Debug|Any CPU
		{8AB19B77-A9B5-410E-B81D-2B3ED124FAD6}.Release|Any CPU.ActiveCfg = Release|Any CPU
		{8AB19B77-A9B5-410E-B81D-2B3ED124FAD6}.Release|Any CPU.Build.0 = Release|Any CPU
	EndGlobalSection
	GlobalSection(SolutionProperties) = preSolution
		HideSolutionNode = FALSE
	EndGlobalSection
	GlobalSection(ExtensibilityGlobals) = postSolution
		SolutionGuid = {94571135-81F7-4BDD-99B7-0823EE570F6F}
	EndGlobalSection
EndGlobal
